<Solution>
  <Folder Name="/Solution Items/">
    <File Path=".dockerignore" />
    <File Path=".env.example" />
    <File Path=".gitignore" />
    <File Path="compose.yaml" />
    <File Path="README.md" />
  </Folder>
  <Folder Name="/src/">
    <Project Path="src/ECommerce.Api/ECommerce.Api.csproj" />
    <Project Path="src/ECommerce.Application/ECommerce.Application.csproj" />
    <Project Path="src/ECommerce.Domain/ECommerce.Domain.csproj" />
    <Project Path="src/ECommerce.Infrastructure/ECommerce.Infrastructure.csproj" />
  </Folder>
</Solution>
